
Microsoft Visual Studio Solution File, Format Version 12.00
# Visual Studio Version 17
VisualStudioVersion = 17.3.32819.101
MinimumVisualStudioVersion = 10.0.40219.1
Project("{FAE04EC0-301F-11D3-BF4B-00C04F79EFBC}") = "MyPOS.BOL", "MyPOS.BOL\MyPOS.BOL.csproj", "{E6001366-10BF-45D2-8DEC-CB19006AF3B3}"
EndProject
Project("{FAE04EC0-301F-11D3-BF4B-00C04F79EFBC}") = "MyPOS.DAL", "MyPOS.DAL\MyPOS.DAL.csproj", "{7972CD60-2156-4CE6-89DB-EEF4CA637A00}"
EndProject
Project("{FAE04EC0-301F-11D3-BF4B-00C04F79EFBC}") = "MyPOS.BLL", "MyPOS.BLL\MyPOS.BLL.csproj", "{4D26F8C9-645E-41E3-96E1-3597002357AD}"
EndProject
Project("{FAE04EC0-301F-11D3-BF4B-00C04F79EFBC}") = "MyPOS.ViewModels", "MyPOS.ViewModels\MyPOS.ViewModels.csproj", "{8298201E-35A3-4CFF-8465-00068E942405}"
EndProject
Project("{FAE04EC0-301F-11D3-BF4B-00C04F79EFBC}") = "MyPOS.Web", "MyPOS.Web\MyPOS.Web.csproj", "{4A8C125E-E735-4351-84DA-0EA8FF9FD191}"
EndProject
Global
	GlobalSection(SolutionConfigurationPlatforms) = preSolution
		Debug|Any CPU = Debug|Any CPU
		Release|Any CPU = Release|Any CPU
	EndGlobalSection
	GlobalSection(ProjectConfigurationPlatforms) = postSolution
		{E6001366-10BF-45D2-8DEC-CB19006AF3B3}.Debug|Any CPU.ActiveCfg = Debug|Any CPU
		{E6001366-10BF-45D2-8DEC-CB19006AF3B3}.Debug|Any CPU.Build.0 = Debug|Any CPU
		{E6001366-10BF-45D2-8DEC-CB19006AF3B3}.Release|Any CPU.ActiveCfg = Release|Any CPU
		{E6001366-10BF-45D2-8DEC-CB19006AF3B3}.Release|Any CPU.Build.0 = Release|Any CPU
		{7972CD60-2156-4CE6-89DB-EEF4CA637A00}.Debug|Any CPU.ActiveCfg = Debug|Any CPU
		{7972CD60-2156-4CE6-89DB-EEF4CA637A00}.Debug|Any CPU.Build.0 = Debug|Any CPU
		{7972CD60-2156-4CE6-89DB-EEF4CA637A00}.Release|Any CPU.ActiveCfg = Release|Any CPU
		{7972CD60-2156-4CE6-89DB-EEF4CA637A00}.Release|Any CPU.Build.0 = Release|Any CPU
		{4D26F8C9-645E-41E3-96E1-3597002357AD}.Debug|Any CPU.ActiveCfg = Debug|Any CPU
		{4D26F8C9-645E-41E3-96E1-3597002357AD}.Debug|Any CPU.Build.0 = Debug|Any CPU
		{4D26F8C9-645E-41E3-96E1-3597002357AD}.Release|Any CPU.ActiveCfg = Release|Any CPU
		{4D26F8C9-645E-41E3-96E1-3597002357AD}.Release|Any CPU.Build.0 = Release|Any CPU
		{8298201E-35A3-4CFF-8465-00068E942405}.Debug|Any CPU.ActiveCfg = Debug|Any CPU
		{8298201E-35A3-4CFF-8465-00068E942405}.Debug|Any CPU.Build.0 = Debug|Any CPU
		{8298201E-35A3-4CFF-8465-00068E942405}.Release|Any CPU.ActiveCfg = Release|Any CPU
		{8298201E-35A3-4CFF-8465-00068E942405}.Release|Any CPU.Build.0 = Release|Any CPU
		{4A8C125E-E735-4351-84DA-0EA8FF9FD191}.Debug|Any CPU.ActiveCfg = Debug|Any CPU
		{4A8C125E-E735-4351-84DA-0EA8FF9FD191}.Debug|Any CPU.Build.0 = Debug|Any CPU
		{4A8C125E-E735-4351-84DA-0EA8FF9FD191}.Release|Any CPU.ActiveCfg = Release|Any CPU
		{4A8C125E-E735-4351-84DA-0EA8FF9FD191}.Release|Any CPU.Build.0 = Release|Any CPU
	EndGlobalSection
	GlobalSection(SolutionProperties) = preSolution
		HideSolutionNode = FALSE
	EndGlobalSection
	GlobalSection(ExtensibilityGlobals) = postSolution
		SolutionGuid = {9D83A13C-4667-472A-9336-8A48782048C0}
	EndGlobalSection
EndGlobal
